
Microsoft Visual Studio Solution File, Format Version 12.00
# Visual Studio Version 17
VisualStudioVersion = 17.10.35013.160
MinimumVisualStudioVersion = 10.0.40219.1
Project("{9A19103F-16F7-4668-BE54-9A1E7A4F7556}") = "MostUsedWords", "MostUsedWords\MostUsedWords.csproj", "{B3A2763B-0B23-4A46-96A9-F42E95DA938D}"
EndProject
Project("{9A19103F-16F7-4668-BE54-9A1E7A4F7556}") = "NetTests", "NetTests\NetTests.csproj", "{0A94AC7B-4C2E-4A41-8AF2-9D66D7244D93}"
EndProject
Project("{9A19103F-16F7-4668-BE54-9A1E7A4F7556}") = "ProgrammsSwitcher", "ProgrammsSwitcher\ProgrammsSwitcher.csproj", "{F58AE19E-B46D-4BAA-92E8-BF3A73CC679F}"
EndProject
Project("{9A19103F-16F7-4668-BE54-9A1E7A4F7556}") = "Console3d", "Console3d\Console3d.csproj", "{15EA4751-2406-4ACC-BEEF-2564D407BC90}"
EndProject
Project("{9A19103F-16F7-4668-BE54-9A1E7A4F7556}") = "Pseudo3dEngine", "Pseudo3dEngine\Pseudo3dEngine.csproj", "{E14859E4-7442-4E19-8FEE-60BCBB45DDE1}"
EndProject
Project("{9A19103F-16F7-4668-BE54-9A1E7A4F7556}") = "IJuniorTasks", "IJuniorTasks\IJuniorTasks.csproj", "{277557A4-EF73-4363-AD69-CED1A1CA276E}"
EndProject
Project("{2150E333-8FDC-42A3-9474-1A3956D46DE8}") = "Solution Items", "Solution Items", "{51029273-27B8-4C1E-A91B-7534215F75EA}"
	ProjectSection(SolutionItems) = preProject
		.editorconfig = .editorconfig
	EndProjectSection
EndProject
Project("{9A19103F-16F7-4668-BE54-9A1E7A4F7556}") = "ButtonsMonitor", "ButtonsMonitor\ButtonsMonitor.csproj", "{A73861CB-E501-4B05-8B7C-BB68C27B2EB7}"
EndProject
Project("{FAE04EC0-301F-11D3-BF4B-00C04F79EFBC}") = "Tgbot", "Tgbot\Tgbot.csproj", "{B9706C86-53AE-4DC2-83C1-2D11AE5608B0}"
EndProject
Project("{FAE04EC0-301F-11D3-BF4B-00C04F79EFBC}") = "TelegramClient", "TelegramClient\TelegramClient.csproj", "{695CE1BA-117D-4705-8D78-01C39C884C98}"
EndProject
Global
	GlobalSection(SolutionConfigurationPlatforms) = preSolution
		Debug|Any CPU = Debug|Any CPU
		Release|Any CPU = Release|Any CPU
	EndGlobalSection
	GlobalSection(ProjectConfigurationPlatforms) = postSolution
		{B3A2763B-0B23-4A46-96A9-F42E95DA938D}.Debug|Any CPU.ActiveCfg = Debug|Any CPU
		{B3A2763B-0B23-4A46-96A9-F42E95DA938D}.Debug|Any CPU.Build.0 = Debug|Any CPU
		{B3A2763B-0B23-4A46-96A9-F42E95DA938D}.Release|Any CPU.ActiveCfg = Release|Any CPU
		{B3A2763B-0B23-4A46-96A9-F42E95DA938D}.Release|Any CPU.Build.0 = Release|Any CPU
		{0A94AC7B-4C2E-4A41-8AF2-9D66D7244D93}.Debug|Any CPU.ActiveCfg = Debug|Any CPU
		{0A94AC7B-4C2E-4A41-8AF2-9D66D7244D93}.Debug|Any CPU.Build.0 = Debug|Any CPU
		{0A94AC7B-4C2E-4A41-8AF2-9D66D7244D93}.Release|Any CPU.ActiveCfg = Release|Any CPU
		{0A94AC7B-4C2E-4A41-8AF2-9D66D7244D93}.Release|Any CPU.Build.0 = Release|Any CPU
		{F58AE19E-B46D-4BAA-92E8-BF3A73CC679F}.Debug|Any CPU.ActiveCfg = Debug|Any CPU
		{F58AE19E-B46D-4BAA-92E8-BF3A73CC679F}.Debug|Any CPU.Build.0 = Debug|Any CPU
		{F58AE19E-B46D-4BAA-92E8-BF3A73CC679F}.Release|Any CPU.ActiveCfg = Release|Any CPU
		{F58AE19E-B46D-4BAA-92E8-BF3A73CC679F}.Release|Any CPU.Build.0 = Release|Any CPU
		{15EA4751-2406-4ACC-BEEF-2564D407BC90}.Debug|Any CPU.ActiveCfg = Debug|Any CPU
		{15EA4751-2406-4ACC-BEEF-2564D407BC90}.Debug|Any CPU.Build.0 = Debug|Any CPU
		{15EA4751-2406-4ACC-BEEF-2564D407BC90}.Release|Any CPU.ActiveCfg = Release|Any CPU
		{15EA4751-2406-4ACC-BEEF-2564D407BC90}.Release|Any CPU.Build.0 = Release|Any CPU
		{E14859E4-7442-4E19-8FEE-60BCBB45DDE1}.Debug|Any CPU.ActiveCfg = Debug|Any CPU
		{E14859E4-7442-4E19-8FEE-60BCBB45DDE1}.Debug|Any CPU.Build.0 = Debug|Any CPU
		{E14859E4-7442-4E19-8FEE-60BCBB45DDE1}.Release|Any CPU.ActiveCfg = Release|Any CPU
		{E14859E4-7442-4E19-8FEE-60BCBB45DDE1}.Release|Any CPU.Build.0 = Release|Any CPU
		{277557A4-EF73-4363-AD69-CED1A1CA276E}.Debug|Any CPU.ActiveCfg = Debug|Any CPU
		{277557A4-EF73-4363-AD69-CED1A1CA276E}.Debug|Any CPU.Build.0 = Debug|Any CPU
		{277557A4-EF73-4363-AD69-CED1A1CA276E}.Release|Any CPU.ActiveCfg = Release|Any CPU
		{277557A4-EF73-4363-AD69-CED1A1CA276E}.Release|Any CPU.Build.0 = Release|Any CPU
		{A73861CB-E501-4B05-8B7C-BB68C27B2EB7}.Debug|Any CPU.ActiveCfg = Debug|Any CPU
		{A73861CB-E501-4B05-8B7C-BB68C27B2EB7}.Debug|Any CPU.Build.0 = Debug|Any CPU
		{A73861CB-E501-4B05-8B7C-BB68C27B2EB7}.Release|Any CPU.ActiveCfg = Release|Any CPU
		{A73861CB-E501-4B05-8B7C-BB68C27B2EB7}.Release|Any CPU.Build.0 = Release|Any CPU
		{B9706C86-53AE-4DC2-83C1-2D11AE5608B0}.Debug|Any CPU.ActiveCfg = Debug|Any CPU
		{B9706C86-53AE-4DC2-83C1-2D11AE5608B0}.Debug|Any CPU.Build.0 = Debug|Any CPU
		{B9706C86-53AE-4DC2-83C1-2D11AE5608B0}.Release|Any CPU.ActiveCfg = Release|Any CPU
		{B9706C86-53AE-4DC2-83C1-2D11AE5608B0}.Release|Any CPU.Build.0 = Release|Any CPU
		{695CE1BA-117D-4705-8D78-01C39C884C98}.Debug|Any CPU.ActiveCfg = Debug|Any CPU
		{695CE1BA-117D-4705-8D78-01C39C884C98}.Debug|Any CPU.Build.0 = Debug|Any CPU
		{695CE1BA-117D-4705-8D78-01C39C884C98}.Release|Any CPU.ActiveCfg = Release|Any CPU
		{695CE1BA-117D-4705-8D78-01C39C884C98}.Release|Any CPU.Build.0 = Release|Any CPU
	EndGlobalSection
	GlobalSection(SolutionProperties) = preSolution
		HideSolutionNode = FALSE
	EndGlobalSection
	GlobalSection(ExtensibilityGlobals) = postSolution
		SolutionGuid = {13EF4EA3-5D88-4E66-BBAD-5716501CD8FA}
	EndGlobalSection
EndGlobal
